
Microsoft Visual Studio Solution File, Format Version 12.00
# Visual Studio Version 16
VisualStudioVersion = 16.0.29411.108
MinimumVisualStudioVersion = 10.0.40219.1
Project("{9A19103F-16F7-4668-BE54-9A1E7A4F7556}") = "MKEditor", "MKEditor.csproj", "{16F5134A-CB53-42CC-B6C6-FD6BCFEECC96}"
EndProject
Project("{9A19103F-16F7-4668-BE54-9A1E7A4F7556}") = "odl", "..\odl\odl.csproj", "{1FA7EE0C-63A3-456D-B4E1-BD952715B7FC}"
EndProject
Project("{9A19103F-16F7-4668-BE54-9A1E7A4F7556}") = "RubyDotNET", "..\rubydotnet\RubyDotNET.csproj", "{E7B1FF56-BB6B-4FA4-803A-4AC68A1520F2}"
EndProject
Project("{9A19103F-16F7-4668-BE54-9A1E7A4F7556}") = "odlgss", "..\odlgss\odlgss.csproj", "{A0E775BD-D046-433B-8A5A-866B110479FE}"
EndProject
Global
	GlobalSection(SolutionConfigurationPlatforms) = preSolution
		Debug|Any CPU = Debug|Any CPU
		Debug|x64 = Debug|x64
		Debug|x86 = Debug|x86
		Release|Any CPU = Release|Any CPU
		Release|x64 = Release|x64
		Release|x86 = Release|x86
	EndGlobalSection
	GlobalSection(ProjectConfigurationPlatforms) = postSolution
		{16F5134A-CB53-42CC-B6C6-FD6BCFEECC96}.Debug|Any CPU.ActiveCfg = Debug|x86
		{16F5134A-CB53-42CC-B6C6-FD6BCFEECC96}.Debug|x64.ActiveCfg = Debug|x86
		{16F5134A-CB53-42CC-B6C6-FD6BCFEECC96}.Debug|x86.ActiveCfg = Debug|x86
		{16F5134A-CB53-42CC-B6C6-FD6BCFEECC96}.Debug|x86.Build.0 = Debug|x86
		{16F5134A-CB53-42CC-B6C6-FD6BCFEECC96}.Release|Any CPU.ActiveCfg = Release|x86
		{16F5134A-CB53-42CC-B6C6-FD6BCFEECC96}.Release|x64.ActiveCfg = Release|x86
		{16F5134A-CB53-42CC-B6C6-FD6BCFEECC96}.Release|x86.ActiveCfg = Release|x86
		{16F5134A-CB53-42CC-B6C6-FD6BCFEECC96}.Release|x86.Build.0 = Release|x86
		{1FA7EE0C-63A3-456D-B4E1-BD952715B7FC}.Debug|Any CPU.ActiveCfg = Debug|Any CPU
		{1FA7EE0C-63A3-456D-B4E1-BD952715B7FC}.Debug|Any CPU.Build.0 = Debug|Any CPU
		{1FA7EE0C-63A3-456D-B4E1-BD952715B7FC}.Debug|x64.ActiveCfg = Debug|x64
		{1FA7EE0C-63A3-456D-B4E1-BD952715B7FC}.Debug|x64.Build.0 = Debug|x64
		{1FA7EE0C-63A3-456D-B4E1-BD952715B7FC}.Debug|x86.ActiveCfg = Debug|x86
		{1FA7EE0C-63A3-456D-B4E1-BD952715B7FC}.Debug|x86.Build.0 = Debug|x86
		{1FA7EE0C-63A3-456D-B4E1-BD952715B7FC}.Release|Any CPU.ActiveCfg = Release|Any CPU
		{1FA7EE0C-63A3-456D-B4E1-BD952715B7FC}.Release|Any CPU.Build.0 = Release|Any CPU
		{1FA7EE0C-63A3-456D-B4E1-BD952715B7FC}.Release|x64.ActiveCfg = Release|x64
		{1FA7EE0C-63A3-456D-B4E1-BD952715B7FC}.Release|x64.Build.0 = Release|x64
		{1FA7EE0C-63A3-456D-B4E1-BD952715B7FC}.Release|x86.ActiveCfg = Release|x86
		{1FA7EE0C-63A3-456D-B4E1-BD952715B7FC}.Release|x86.Build.0 = Release|x86
		{E7B1FF56-BB6B-4FA4-803A-4AC68A1520F2}.Debug|Any CPU.ActiveCfg = Debug|Any CPU
		{E7B1FF56-BB6B-4FA4-803A-4AC68A1520F2}.Debug|Any CPU.Build.0 = Debug|Any CPU
		{E7B1FF56-BB6B-4FA4-803A-4AC68A1520F2}.Debug|x64.ActiveCfg = Debug|Any CPU
		{E7B1FF56-BB6B-4FA4-803A-4AC68A1520F2}.Debug|x64.Build.0 = Debug|Any CPU
		{E7B1FF56-BB6B-4FA4-803A-4AC68A1520F2}.Debug|x86.ActiveCfg = Debug|x86
		{E7B1FF56-BB6B-4FA4-803A-4AC68A1520F2}.Debug|x86.Build.0 = Debug|x86
		{E7B1FF56-BB6B-4FA4-803A-4AC68A1520F2}.Release|Any CPU.ActiveCfg = Release|Any CPU
		{E7B1FF56-BB6B-4FA4-803A-4AC68A1520F2}.Release|Any CPU.Build.0 = Release|Any CPU
		{E7B1FF56-BB6B-4FA4-803A-4AC68A1520F2}.Release|x64.ActiveCfg = Release|Any CPU
		{E7B1FF56-BB6B-4FA4-803A-4AC68A1520F2}.Release|x64.Build.0 = Release|Any CPU
		{E7B1FF56-BB6B-4FA4-803A-4AC68A1520F2}.Release|x86.ActiveCfg = Release|x86
		{E7B1FF56-BB6B-4FA4-803A-4AC68A1520F2}.Release|x86.Build.0 = Release|x86
		{A0E775BD-D046-433B-8A5A-866B110479FE}.Debug|Any CPU.ActiveCfg = Debug|Any CPU
		{A0E775BD-D046-433B-8A5A-866B110479FE}.Debug|Any CPU.Build.0 = Debug|Any CPU
		{A0E775BD-D046-433B-8A5A-866B110479FE}.Debug|x64.ActiveCfg = Debug|Any CPU
		{A0E775BD-D046-433B-8A5A-866B110479FE}.Debug|x64.Build.0 = Debug|Any CPU
		{A0E775BD-D046-433B-8A5A-866B110479FE}.Debug|x86.ActiveCfg = Debug|x86
		{A0E775BD-D046-433B-8A5A-866B110479FE}.Debug|x86.Build.0 = Debug|x86
		{A0E775BD-D046-433B-8A5A-866B110479FE}.Release|Any CPU.ActiveCfg = Release|Any CPU
		{A0E775BD-D046-433B-8A5A-866B110479FE}.Release|Any CPU.Build.0 = Release|Any CPU
		{A0E775BD-D046-433B-8A5A-866B110479FE}.Release|x64.ActiveCfg = Release|Any CPU
		{A0E775BD-D046-433B-8A5A-866B110479FE}.Release|x64.Build.0 = Release|Any CPU
		{A0E775BD-D046-433B-8A5A-866B110479FE}.Release|x86.ActiveCfg = Release|x86
		{A0E775BD-D046-433B-8A5A-866B110479FE}.Release|x86.Build.0 = Release|x86
	EndGlobalSection
	GlobalSection(SolutionProperties) = preSolution
		HideSolutionNode = FALSE
	EndGlobalSection
	GlobalSection(ExtensibilityGlobals) = postSolution
		SolutionGuid = {C6FA7873-62F8-43F9-94D8-8A85D5545D48}
	EndGlobalSection
EndGlobal
